
Microsoft Visual Studio Solution File, Format Version 12.00
# Visual Studio 15
VisualStudioVersion = 15.0.27130.2010
MinimumVisualStudioVersion = 10.0.40219.1
Project("{8BC9CEB8-8B4A-11D0-8D11-00A0C91BC942}") = "FragmentC256_1024", "Project1\Project1.vcxproj", "{776B39B3-15AA-4FB8-B65A-880AB679AEC3}"
EndProject
Project("{8BC9CEB8-8B4A-11D0-8D11-00A0C91BC942}") = "FragmentC0_1979", "FragmentC0_1979\FragmentC0_1979.vcxproj", "{868E7285-9A00-4249-9CB9-FA7A25B6D365}"
EndProject
Project("{8BC9CEB8-8B4A-11D0-8D11-00A0C91BC942}") = "FragmentC0_0", "FragmentC0_0\FragmentC0_0.vcxproj", "{A346F8D8-2B0B-48A0-B53F-31664203E07F}"
EndProject
Project("{8BC9CEB8-8B4A-11D0-8D11-00A0C91BC942}") = "FragmenC_Recursion_F(1)", "FragmenC_Recursion_F(1)\FragmenC_Recursion_F(1).vcxproj", "{53FB2808-F820-42E5-B823-6CEE33E6E7D7}"
EndProject
Global
	GlobalSection(SolutionConfigurationPlatforms) = preSolution
		Debug|x64 = Debug|x64
		Debug|x86 = Debug|x86
		Release|x64 = Release|x64
		Release|x86 = Release|x86
	EndGlobalSection
	GlobalSection(ProjectConfigurationPlatforms) = postSolution
		{776B39B3-15AA-4FB8-B65A-880AB679AEC3}.Debug|x64.ActiveCfg = Debug|x64
		{776B39B3-15AA-4FB8-B65A-880AB679AEC3}.Debug|x64.Build.0 = Debug|x64
		{776B39B3-15AA-4FB8-B65A-880AB679AEC3}.Debug|x86.ActiveCfg = Debug|Win32
		{776B39B3-15AA-4FB8-B65A-880AB679AEC3}.Debug|x86.Build.0 = Debug|Win32
		{776B39B3-15AA-4FB8-B65A-880AB679AEC3}.Release|x64.ActiveCfg = Release|x64
		{776B39B3-15AA-4FB8-B65A-880AB679AEC3}.Release|x64.Build.0 = Release|x64
		{776B39B3-15AA-4FB8-B65A-880AB679AEC3}.Release|x86.ActiveCfg = Release|Win32
		{776B39B3-15AA-4FB8-B65A-880AB679AEC3}.Release|x86.Build.0 = Release|Win32
		{868E7285-9A00-4249-9CB9-FA7A25B6D365}.Debug|x64.ActiveCfg = Debug|x64
		{868E7285-9A00-4249-9CB9-FA7A25B6D365}.Debug|x64.Build.0 = Debug|x64
		{868E7285-9A00-4249-9CB9-FA7A25B6D365}.Debug|x86.ActiveCfg = Debug|Win32
		{868E7285-9A00-4249-9CB9-FA7A25B6D365}.Debug|x86.Build.0 = Debug|Win32
		{868E7285-9A00-4249-9CB9-FA7A25B6D365}.Release|x64.ActiveCfg = Release|x64
		{868E7285-9A00-4249-9CB9-FA7A25B6D365}.Release|x64.Build.0 = Release|x64
		{868E7285-9A00-4249-9CB9-FA7A25B6D365}.Release|x86.ActiveCfg = Release|Win32
		{868E7285-9A00-4249-9CB9-FA7A25B6D365}.Release|x86.Build.0 = Release|Win32
		{A346F8D8-2B0B-48A0-B53F-31664203E07F}.Debug|x64.ActiveCfg = Debug|x64
		{A346F8D8-2B0B-48A0-B53F-31664203E07F}.Debug|x64.Build.0 = Debug|x64
		{A346F8D8-2B0B-48A0-B53F-31664203E07F}.Debug|x86.ActiveCfg = Debug|Win32
		{A346F8D8-2B0B-48A0-B53F-31664203E07F}.Debug|x86.Build.0 = Debug|Win32
		{A346F8D8-2B0B-48A0-B53F-31664203E07F}.Release|x64.ActiveCfg = Release|x64
		{A346F8D8-2B0B-48A0-B53F-31664203E07F}.Release|x64.Build.0 = Release|x64
		{A346F8D8-2B0B-48A0-B53F-31664203E07F}.Release|x86.ActiveCfg = Release|Win32
		{A346F8D8-2B0B-48A0-B53F-31664203E07F}.Release|x86.Build.0 = Release|Win32
		{53FB2808-F820-42E5-B823-6CEE33E6E7D7}.Debug|x64.ActiveCfg = Debug|x64
		{53FB2808-F820-42E5-B823-6CEE33E6E7D7}.Debug|x64.Build.0 = Debug|x64
		{53FB2808-F820-42E5-B823-6CEE33E6E7D7}.Debug|x86.ActiveCfg = Debug|Win32
		{53FB2808-F820-42E5-B823-6CEE33E6E7D7}.Debug|x86.Build.0 = Debug|Win32
		{53FB2808-F820-42E5-B823-6CEE33E6E7D7}.Release|x64.ActiveCfg = Release|x64
		{53FB2808-F820-42E5-B823-6CEE33E6E7D7}.Release|x64.Build.0 = Release|x64
		{53FB2808-F820-42E5-B823-6CEE33E6E7D7}.Release|x86.ActiveCfg = Release|Win32
		{53FB2808-F820-42E5-B823-6CEE33E6E7D7}.Release|x86.Build.0 = Release|Win32
	EndGlobalSection
	GlobalSection(SolutionProperties) = preSolution
		HideSolutionNode = FALSE
	EndGlobalSection
	GlobalSection(ExtensibilityGlobals) = postSolution
		SolutionGuid = {914982E3-8100-4177-B769-9AA605C7A9BF}
	EndGlobalSection
EndGlobal
